
Microsoft Visual Studio Solution File, Format Version 12.00
# Visual Studio Version 17
VisualStudioVersion = 17.0.31903.59
MinimumVisualStudioVersion = 10.0.40219.1
Project("{2150E333-8FDC-42A3-9474-1A3956D46DE8}") = "src", "src", "{6DD042E4-052D-4E8C-AD8F-78047F843193}"
EndProject
Project("{FAE04EC0-301F-11D3-BF4B-00C04F79EFBC}") = "ProductStore.Api", "src\ProductStore.Api\ProductStore.Api.csproj", "{A1E76E4E-4A99-49E9-BE7D-0EC15ADBC7B1}"
EndProject
Project("{FAE04EC0-301F-11D3-BF4B-00C04F79EFBC}") = "ProductStore.Domain", "src\ProductStore.Domain\ProductStore.Domain.csproj", "{E91446DC-49A9-4CE9-9F2C-28960FEED635}"
EndProject
Project("{FAE04EC0-301F-11D3-BF4B-00C04F79EFBC}") = "ProductStore.Infrastructure", "src\ProductStore.Infrastructure\ProductStore.Infrastructure.csproj", "{A71E5415-D056-4651-8012-77F600400749}"
EndProject
Project("{FAE04EC0-301F-11D3-BF4B-00C04F79EFBC}") = "ProductStore.Application", "src\ProductStore.Application\ProductStore.Application.csproj", "{C1346D98-FF19-4299-A034-3B0C545D2163}"
EndProject
Global
	GlobalSection(SolutionConfigurationPlatforms) = preSolution
		Debug|Any CPU = Debug|Any CPU
		Release|Any CPU = Release|Any CPU
	EndGlobalSection
	GlobalSection(ProjectConfigurationPlatforms) = postSolution
		{A1E76E4E-4A99-49E9-BE7D-0EC15ADBC7B1}.Debug|Any CPU.ActiveCfg = Debug|Any CPU
		{A1E76E4E-4A99-49E9-BE7D-0EC15ADBC7B1}.Debug|Any CPU.Build.0 = Debug|Any CPU
		{A1E76E4E-4A99-49E9-BE7D-0EC15ADBC7B1}.Release|Any CPU.ActiveCfg = Release|Any CPU
		{A1E76E4E-4A99-49E9-BE7D-0EC15ADBC7B1}.Release|Any CPU.Build.0 = Release|Any CPU
		{E91446DC-49A9-4CE9-9F2C-28960FEED635}.Debug|Any CPU.ActiveCfg = Debug|Any CPU
		{E91446DC-49A9-4CE9-9F2C-28960FEED635}.Debug|Any CPU.Build.0 = Debug|Any CPU
		{E91446DC-49A9-4CE9-9F2C-28960FEED635}.Release|Any CPU.ActiveCfg = Release|Any CPU
		{E91446DC-49A9-4CE9-9F2C-28960FEED635}.Release|Any CPU.Build.0 = Release|Any CPU
		{A71E5415-D056-4651-8012-77F600400749}.Debug|Any CPU.ActiveCfg = Debug|Any CPU
		{A71E5415-D056-4651-8012-77F600400749}.Debug|Any CPU.Build.0 = Debug|Any CPU
		{A71E5415-D056-4651-8012-77F600400749}.Release|Any CPU.ActiveCfg = Release|Any CPU
		{A71E5415-D056-4651-8012-77F600400749}.Release|Any CPU.Build.0 = Release|Any CPU
		{C1346D98-FF19-4299-A034-3B0C545D2163}.Debug|Any CPU.ActiveCfg = Debug|Any CPU
		{C1346D98-FF19-4299-A034-3B0C545D2163}.Debug|Any CPU.Build.0 = Debug|Any CPU
		{C1346D98-FF19-4299-A034-3B0C545D2163}.Release|Any CPU.ActiveCfg = Release|Any CPU
		{C1346D98-FF19-4299-A034-3B0C545D2163}.Release|Any CPU.Build.0 = Release|Any CPU
	EndGlobalSection
	GlobalSection(SolutionProperties) = preSolution
		HideSolutionNode = FALSE
	EndGlobalSection
	GlobalSection(NestedProjects) = preSolution
		{A1E76E4E-4A99-49E9-BE7D-0EC15ADBC7B1} = {6DD042E4-052D-4E8C-AD8F-78047F843193}
		{E91446DC-49A9-4CE9-9F2C-28960FEED635} = {6DD042E4-052D-4E8C-AD8F-78047F843193}
		{A71E5415-D056-4651-8012-77F600400749} = {6DD042E4-052D-4E8C-AD8F-78047F843193}
		{C1346D98-FF19-4299-A034-3B0C545D2163} = {6DD042E4-052D-4E8C-AD8F-78047F843193}
	EndGlobalSection
	GlobalSection(ExtensibilityGlobals) = postSolution
		SolutionGuid = {5FC1C115-D6D0-4514-9EB5-8A791C7E9FA0}
	EndGlobalSection
EndGlobal
